// !$*UTF8*$!
{
	archiveVersion = 1;
	classes = {
	};
	objectVersion = 50;
	objects = {

/* Begin PBXBuildFile section */
		E02976292361AD3100B8A960 /* AppDelegate.swift in Sources */ = {isa = PBXBuildFile; fileRef = E02976282361AD3100B8A960 /* AppDelegate.swift */; };
		E029762B2361AD3100B8A960 /* ViewController.swift in Sources */ = {isa = PBXBuildFile; fileRef = E029762A2361AD3100B8A960 /* ViewController.swift */; };
		E029762E2361AD3100B8A960 /* Main.storyboard in Resources */ = {isa = PBXBuildFile; fileRef = E029762C2361AD3100B8A960 /* Main.storyboard */; };
		E02976302361AD3700B8A960 /* Assets.xcassets in Resources */ = {isa = PBXBuildFile; fileRef = E029762F2361AD3700B8A960 /* Assets.xcassets */; };
		E02976332361AD3700B8A960 /* LaunchScreen.storyboard in Resources */ = {isa = PBXBuildFile; fileRef = E02976312361AD3700B8A960 /* LaunchScreen.storyboard */; };
/* End PBXBuildFile section */

/* Begin PBXFileReference section */
		E02976252361AD3100B8A960 /* Whitehouse petitions.app */ = {isa = PBXFileReference; explicitFileType = wrapper.application; includeInIndex = 0; path = "Whitehouse petitions.app"; sourceTree = BUILT_PRODUCTS_DIR; };
		E02976282361AD3100B8A960 /* AppDelegate.swift */ = {isa = PBXFileReference; lastKnownFileType = sourcecode.swift; path = AppDelegate.swift; sourceTree = "<group>"; };
		E029762A2361AD3100B8A960 /* ViewController.swift */ = {isa = PBXFileReference; lastKnownFileType = sourcecode.swift; path = ViewController.swift; sourceTree = "<group>"; };
		E029762D2361AD3100B8A960 /* Base */ = {isa = PBXFileReference; lastKnownFileType = file.storyboard; name = Base; path = Base.lproj/Main.storyboard; sourceTree = "<group>"; };
		E029762F2361AD3700B8A960 /* Assets.xcassets */ = {isa = PBXFileReference; lastKnownFileType = folder.assetcatalog; path = Assets.xcassets; sourceTree = "<group>"; };
		E02976322361AD3700B8A960 /* Base */ = {isa = PBXFileReference; lastKnownFileType = file.storyboard; name = Base; path = Base.lproj/LaunchScreen.storyboard; sourceTree = "<group>"; };
		E02976342361AD3700B8A960 /* Info.plist */ = {isa = PBXFileReference; lastKnownFileType = text.plist.xml; path = Info.plist; sourceTree = "<group>"; };
/* End PBXFileReference section */

/* Begin PBXFrameworksBuildPhase section */
		E02976222361AD3100B8A960 /* Frameworks */ = {
			isa = PBXFrameworksBuildPhase;
			buildActionMask = 2147483647;
			files = (
			);
			runOnlyForDeploymentPostprocessing = 0;
		};
/* End PBXFrameworksBuildPhase section */

/* Begin PBXGroup section */
		E029761C2361AD3100B8A960 = {
			isa = PBXGroup;
			children = (
				E02976272361AD3100B8A960 /* Whitehouse petitions */,
				E02976262361AD3100B8A960 /* Products */,
			);
			sourceTree = "<group>";
		};
		E02976262361AD3100B8A960 /* Products */ = {
			isa = PBXGroup;
			children = (
				E02976252361AD3100B8A960 /* Whitehouse petitions.app */,
			);
			name = Products;
			sourceTree = "<group>";
		};
		E02976272361AD3100B8A960 /* Whitehouse petitions */ = {
			isa = PBXGroup;
			children = (
				E02976282361AD3100B8A960 /* AppDelegate.swift */,
				E029762A2361AD3100B8A960 /* ViewController.swift */,
				E029762C2361AD3100B8A960 /* Main.storyboard */,
				E029762F2361AD3700B8A960 /* Assets.xcassets */,
				E02976312361AD3700B8A960 /* LaunchScreen.storyboard */,
				E02976342361AD3700B8A960 /* Info.plist */,
			);
			path = "Whitehouse petitions";
			sourceTree = "<group>";
		};
/* End PBXGroup section */

/* Begin PBXNativeTarget section */
		E02976242361AD3100B8A960 /* Whitehouse petitions */ = {
			isa = PBXNativeTarget;
			buildConfigurationList = E02976372361AD3700B8A960 /* Build configuration list for PBXNativeTarget "Whitehouse petitions" */;
			buildPhases = (
				E02976212361AD3100B8A960 /* Sources */,
				E02976222361AD3100B8A960 /* Frameworks */,
				E02976232361AD3100B8A960 /* Resources */,
			);
			buildRules = (
			);
			dependencies = (
			);
			name = "Whitehouse petitions";
			productName = "Whitehouse petitions";
			productReference = E02976252361AD3100B8A960 /* Whitehouse petitions.app */;
			productType = "com.apple.product-type.application";
		};
/* End PBXNativeTarget section */

/* Begin PBXProject section */
		E029761D2361AD3100B8A960 /* Project object */ = {
			isa = PBXProject;
			attributes = {
				LastSwiftUpdateCheck = 1030;
				LastUpgradeCheck = 1030;
				ORGANIZATIONNAME = ahmad;
				TargetAttributes = {
					E02976242361AD3100B8A960 = {
						CreatedOnToolsVersion = 10.3;
					};
				};
			};
			buildConfigurationList = E02976202361AD3100B8A960 /* Build configuration list for PBXProject "Whitehouse petitions" */;
			compatibilityVersion = "Xcode 9.3";
			developmentRegion = en;
			hasScannedForEncodings = 0;
			knownRegions = (
				en,
				Base,
			);
			mainGroup = E029761C2361AD3100B8A960;
			productRefGroup = E02976262361AD3100B8A960 /* Products */;
			projectDirPath = "";
			projectRoot = "";
			targets = (
				E02976242361AD3100B8A960 /* Whitehouse petitions */,
			);
		};
/* End PBXProject section */

/* Begin PBXResourcesBuildPhase section */
		E02976232361AD3100B8A960 /* Resources */ = {
			isa = PBXResourcesBuildPhase;
			buildActionMask = 2147483647;
			files = (
				E02976332361AD3700B8A960 /* LaunchScreen.storyboard in Resources */,
				E02976302361AD3700B8A960 /* Assets.xcassets in Resources */,
				E029762E2361AD3100B8A960 /* Main.storyboard in Resources */,
			);
			runOnlyForDeploymentPostprocessing = 0;
		};
/* End PBXResourcesBuildPhase section */

/* Begin PBXSourcesBuildPhase section */
		E02976212361AD3100B8A960 /* Sources */ = {
			isa = PBXSourcesBuildPhase;
			buildActionMask = 2147483647;
			files = (
				E029762B2361AD3100B8A960 /* ViewController.swift in Sources */,
				E02976292361AD3100B8A960 /* AppDelegate.swift in Sources */,
			);
			runOnlyForDeploymentPostprocessing = 0;
		};
/* End PBXSourcesBuildPhase section */

/* Begin PBXVariantGroup section */
		E029762C2361AD3100B8A960 /* Main.storyboard */ = {
			isa = PBXVariantGroup;
			children = (
				E029762D2361AD3100B8A960 /* Base */,
			);
			name = Main.storyboard;
			sourceTree = "<group>";
		};
		E02976312361AD3700B8A960 /* LaunchScreen.storyboard */ = {
			isa = PBXVariantGroup;
			children = (
				E02976322361AD3700B8A960 /* Base */,
			);
			name = LaunchScreen.storyboard;
			sourceTree = "<group>";
		};
/* End PBXVariantGroup section */

/* Begin XCBuildConfiguration section */
		E02976352361AD3700B8A960 /* Debug */ = {
			isa = XCBuildConfiguration;
			buildSettings = {
				ALWAYS_SEARCH_USER_PATHS = NO;
				CLANG_ANALYZER_NONNULL = YES;
				CLANG_ANALYZER_NUMBER_OBJECT_CONVERSION = YES_AGGRESSIVE;
				CLANG_CXX_LANGUAGE_STANDARD = "gnu++14";
				CLANG_CXX_LIBRARY = "libc++";
				CLANG_ENABLE_MODULES = YES;
				CLANG_ENABLE_OBJC_ARC = YES;
				CLANG_ENABLE_OBJC_WEAK = YES;
				CLANG_WARN_BLOCK_CAPTURE_AUTORELEASING = YES;
				CLANG_WARN_BOOL_CONVERSION = YES;
				CLANG_WARN_COMMA = YES;
				CLANG_WARN_CONSTANT_CONVERSION = YES;
				CLANG_WARN_DEPRECATED_OBJC_IMPLEMENTATIONS = YES;
				CLANG_WARN_DIRECT_OBJC_ISA_USAGE = YES_ERROR;
				CLANG_WARN_DOCUMENTATION_COMMENTS = YES;
				CLANG_WARN_EMPTY_BODY = YES;
				CLANG_WARN_ENUM_CONVERSION = YES;
				CLANG_WARN_INFINITE_RECURSION = YES;
				CLANG_WARN_INT_CONVERSION = YES;
				CLANG_WARN_NON_LITERAL_NULL_CONVERSION = YES;
				CLANG_WARN_OBJC_IMPLICIT_RETAIN_SELF = YES;
				CLANG_WARN_OBJC_LITERAL_CONVERSION = YES;
				CLANG_WARN_OBJC_ROOT_CLASS = YES_ERROR;
				CLANG_WARN_RANGE_LOOP_ANALYSIS = YES;
				CLANG_WARN_STRICT_PROTOTYPES = YES;
				CLANG_WARN_SUSPICIOUS_MOVE = YES;
				CLANG_WARN_UNGUARDED_AVAILABILITY = YES_AGGRESSIVE;
				CLANG_WARN_UNREACHABLE_CODE = YES;
				CLANG_WARN__DUPLICATE_METHOD_MATCH = YES;
				CODE_SIGN_IDENTITY = "iPhone Developer";
				COPY_PHASE_STRIP = NO;
				DEBUG_INFORMATION_FORMAT = dwarf;
				ENABLE_STRICT_OBJC_MSGSEND = YES;
				ENABLE_TESTABILITY = YES;
				GCC_C_LANGUAGE_STANDARD = gnu11;
				GCC_DYNAMIC_NO_PIC = NO;
				GCC_NO_COMMON_BLOCKS = YES;
				GCC_OPTIMIZATION_LEVEL = 0;
				GCC_PREPROCESSOR_DEFINITIONS = (
					"DEBUG=1",
					"$(inherited)",
				);
				GCC_WARN_64_TO_32_BIT_CONVERSION = YES;
				GCC_WARN_ABOUT_RETURN_TYPE = YES_ERROR;
				GCC_WARN_UNDECLARED_SELECTOR = YES;
				GCC_WARN_UNINITIALIZED_AUTOS = YES_AGGRESSIVE;
				GCC_WARN_UNUSED_FUNCTION = YES;
				GCC_WARN_UNUSED_VARIABLE = YES;
				IPHONEOS_DEPLOYMENT_TARGET = 12.4;
				MTL_ENABLE_DEBUG_INFO = INCLUDE_SOURCE;
				MTL_FAST_MATH = YES;
				ONLY_ACTIVE_ARCH = YES;
				SDKROOT = iphoneos;
				SWIFT_ACTIVE_COMPILATION_CONDITIONS = DEBUG;
				SWIFT_OPTIMIZATION_LEVEL = "-Onone";
			};
			name = Debug;
		};
		E02976362361AD3700B8A960 /* Release */ = {
			isa = XCBuildConfiguration;
			buildSettings = {
				ALWAYS_SEARCH_USER_PATHS = NO;
				CLANG_ANALYZER_NONNULL = YES;
				CLANG_ANALYZER_NUMBER_OBJECT_CONVERSION = YES_AGGRESSIVE;
				CLANG_CXX_LANGUAGE_STANDARD = "gnu++14";
				CLANG_CXX_LIBRARY = "libc++";
				CLANG_ENABLE_MODULES = YES;
				CLANG_ENABLE_OBJC_ARC = YES;
				CLANG_ENABLE_OBJC_WEAK = YES;
				CLANG_WARN_BLOCK_CAPTURE_AUTORELEASING = YES;
				CLANG_WARN_BOOL_CONVERSION = YES;
				CLANG_WARN_COMMA = YES;
				CLANG_WARN_CONSTANT_CONVERSION = YES;
				CLANG_WARN_DEPRECATED_OBJC_IMPLEMENTATIONS = YES;
				CLANG_WARN_DIRECT_OBJC_ISA_USAGE = YES_ERROR;
				CLANG_WARN_DOCUMENTATION_COMMENTS = YES;
				CLANG_WARN_EMPTY_BODY = YES;
				CLANG_WARN_ENUM_CONVERSION = YES;
				CLANG_WARN_INFINITE_RECURSION = YES;
				CLANG_WARN_INT_CONVERSION = YES;
				CLANG_WARN_NON_LITERAL_NULL_CONVERSION = YES;
				CLANG_WARN_OBJC_IMPLICIT_RETAIN_SELF = YES;
				CLANG_WARN_OBJC_LITERAL_CONVERSION = YES;
				CLANG_WARN_OBJC_ROOT_CLASS = YES_ERROR;
				CLANG_WARN_RANGE_LOOP_ANALYSIS = YES;
				CLANG_WARN_STRICT_PROTOTYPES = YES;
				CLANG_WARN_SUSPICIOUS_MOVE = YES;
				CLANG_WARN_UNGUARDED_AVAILABILITY = YES_AGGRESSIVE;
				CLANG_WARN_UNREACHABLE_CODE = YES;
				CLANG_WARN__DUPLICATE_METHOD_MATCH = YES;
				CODE_SIGN_IDENTITY = "iPhone Developer";
				COPY_PHASE_STRIP = NO;
				DEBUG_INFORMATION_FORMAT = "dwarf-with-dsym";
				ENABLE_NS_ASSERTIONS = NO;
				ENABLE_STRICT_OBJC_MSGSEND = YES;
				GCC_C_LANGUAGE_STANDARD = gnu11;
				GCC_NO_COMMON_BLOCKS = YES;
				GCC_WARN_64_TO_32_BIT_CONVERSION = YES;
				GCC_WARN_ABOUT_RETURN_TYPE = YES_ERROR;
				GCC_WARN_UNDECLARED_SELECTOR = YES;
				GCC_WARN_UNINITIALIZED_AUTOS = YES_AGGRESSIVE;
				GCC_WARN_UNUSED_FUNCTION = YES;
				GCC_WARN_UNUSED_VARIABLE = YES;
				IPHONEOS_DEPLOYMENT_TARGET = 12.4;
				MTL_ENABLE_DEBUG_INFO = NO;
				MTL_FAST_MATH = YES;
				SDKROOT = iphoneos;
				SWIFT_COMPILATION_MODE = wholemodule;
				SWIFT_OPTIMIZATION_LEVEL = "-O";
				VALIDATE_PRODUCT = YES;
			};
			name = Release;
		};
		E02976382361AD3700B8A960 /* Debug */ = {
			isa = XCBuildConfiguration;
			buildSettings = {
				ASSETCATALOG_COMPILER_APPICON_NAME = AppIcon;
				CODE_SIGN_STYLE = Automatic;
				DEVELOPMENT_TEAM = FFX897K9XB;
				INFOPLIST_FILE = "Whitehouse petitions/Info.plist";
				LD_RUNPATH_SEARCH_PATHS = (
					"$(inherited)",
					"@executable_path/Frameworks",
				);
				PRODUCT_BUNDLE_IDENTIFIER = "com.khelloooo.Whitehouse-petitions";
				PRODUCT_NAME = "$(TARGET_NAME)";
				SWIFT_VERSION = 5.0;
				TARGETED_DEVICE_FAMILY = "1,2";
			};
			name = Debug;
		};
		E02976392361AD3700B8A960 /* Release */ = {
			isa = XCBuildConfiguration;
			buildSettings = {
				ASSETCATALOG_COMPILER_APPICON_NAME = AppIcon;
				CODE_SIGN_STYLE = Automatic;
				DEVELOPMENT_TEAM = FFX897K9XB;
				INFOPLIST_FILE = "Whitehouse petitions/Info.plist";
				LD_RUNPATH_SEARCH_PATHS = (
					"$(inherited)",
					"@executable_path/Frameworks",
				);
				PRODUCT_BUNDLE_IDENTIFIER = "com.khelloooo.Whitehouse-petitions";
				PRODUCT_NAME = "$(TARGET_NAME)";
				SWIFT_VERSION = 5.0;
				TARGETED_DEVICE_FAMILY = "1,2";
			};
			name = Release;
		};
/* End XCBuildConfiguration section */

/* Begin XCConfigurationList section */
		E02976202361AD3100B8A960 /* Build configuration list for PBXProject "Whitehouse petitions" */ = {
			isa = XCConfigurationList;
			buildConfigurations = (
				E02976352361AD3700B8A960 /* Debug */,
				E02976362361AD3700B8A960 /* Release */,
			);
			defaultConfigurationIsVisible = 0;
			defaultConfigurationName = Release;
		};
		E02976372361AD3700B8A960 /* Build configuration list for PBXNativeTarget "Whitehouse petitions" */ = {
			isa = XCConfigurationList;
			buildConfigurations = (
				E02976382361AD3700B8A960 /* Debug */,
				E02976392361AD3700B8A960 /* Release */,
			);
			defaultConfigurationIsVisible = 0;
			defaultConfigurationName = Release;
		};
/* End XCConfigurationList section */
	};
	rootObject = E029761D2361AD3100B8A960 /* Project object */;
}
